// !$*UTF8*$!
{
	archiveVersion = 1;
	classes = {
	};
	objectVersion = 55;
	objects = {

/* Begin PBXBuildFile section */
		347E73C22925795700BCAF7D /* Colorado_Flower_GuideApp.swift in Sources */ = {isa = PBXBuildFile; fileRef = 347E73C12925795700BCAF7D /* Colorado_Flower_GuideApp.swift */; };
		347E73C42925795700BCAF7D /* ContentView.swift in Sources */ = {isa = PBXBuildFile; fileRef = 347E73C32925795700BCAF7D /* ContentView.swift */; };
		347E73C62925795B00BCAF7D /* Assets.xcassets in Resources */ = {isa = PBXBuildFile; fileRef = 347E73C52925795B00BCAF7D /* Assets.xcassets */; };
		347E73C92925795B00BCAF7D /* Preview Assets.xcassets in Resources */ = {isa = PBXBuildFile; fileRef = 347E73C82925795B00BCAF7D /* Preview Assets.xcassets */; };
		347E73D32925795B00BCAF7D /* Colorado_Flower_GuideTests.swift in Sources */ = {isa = PBXBuildFile; fileRef = 347E73D22925795B00BCAF7D /* Colorado_Flower_GuideTests.swift */; };
		347E73DD2925795B00BCAF7D /* Colorado_Flower_GuideUITests.swift in Sources */ = {isa = PBXBuildFile; fileRef = 347E73DC2925795B00BCAF7D /* Colorado_Flower_GuideUITests.swift */; };
		347E73DF2925795B00BCAF7D /* Colorado_Flower_GuideUITestsLaunchTests.swift in Sources */ = {isa = PBXBuildFile; fileRef = 347E73DE2925795B00BCAF7D /* Colorado_Flower_GuideUITestsLaunchTests.swift */; };
/* End PBXBuildFile section */

/* Begin PBXContainerItemProxy section */
		347E73CF2925795B00BCAF7D /* PBXContainerItemProxy */ = {
			isa = PBXContainerItemProxy;
			containerPortal = 347E73B62925795600BCAF7D /* Project object */;
			proxyType = 1;
			remoteGlobalIDString = 347E73BD2925795600BCAF7D;
			remoteInfo = "Colorado Flower Guide";
		};
		347E73D92925795B00BCAF7D /* PBXContainerItemProxy */ = {
			isa = PBXContainerItemProxy;
			containerPortal = 347E73B62925795600BCAF7D /* Project object */;
			proxyType = 1;
			remoteGlobalIDString = 347E73BD2925795600BCAF7D;
			remoteInfo = "Colorado Flower Guide";
		};
/* End PBXContainerItemProxy section */

/* Begin PBXFileReference section */
		347E73BE2925795700BCAF7D /* Colorado Flower Guide.app */ = {isa = PBXFileReference; explicitFileType = wrapper.application; includeInIndex = 0; path = "Colorado Flower Guide.app"; sourceTree = BUILT_PRODUCTS_DIR; };
		347E73C12925795700BCAF7D /* Colorado_Flower_GuideApp.swift */ = {isa = PBXFileReference; lastKnownFileType = sourcecode.swift; path = Colorado_Flower_GuideApp.swift; sourceTree = "<group>"; };
		347E73C32925795700BCAF7D /* ContentView.swift */ = {isa = PBXFileReference; lastKnownFileType = sourcecode.swift; path = ContentView.swift; sourceTree = "<group>"; };
		347E73C52925795B00BCAF7D /* Assets.xcassets */ = {isa = PBXFileReference; lastKnownFileType = folder.assetcatalog; path = Assets.xcassets; sourceTree = "<group>"; };
		347E73C82925795B00BCAF7D /* Preview Assets.xcassets */ = {isa = PBXFileReference; lastKnownFileType = folder.assetcatalog; path = "Preview Assets.xcassets"; sourceTree = "<group>"; };
		347E73CE2925795B00BCAF7D /* Colorado Flower GuideTests.xctest */ = {isa = PBXFileReference; explicitFileType = wrapper.cfbundle; includeInIndex = 0; path = "Colorado Flower GuideTests.xctest"; sourceTree = BUILT_PRODUCTS_DIR; };
		347E73D22925795B00BCAF7D /* Colorado_Flower_GuideTests.swift */ = {isa = PBXFileReference; lastKnownFileType = sourcecode.swift; path = Colorado_Flower_GuideTests.swift; sourceTree = "<group>"; };
		347E73D82925795B00BCAF7D /* Colorado Flower GuideUITests.xctest */ = {isa = PBXFileReference; explicitFileType = wrapper.cfbundle; includeInIndex = 0; path = "Colorado Flower GuideUITests.xctest"; sourceTree = BUILT_PRODUCTS_DIR; };
		347E73DC2925795B00BCAF7D /* Colorado_Flower_GuideUITests.swift */ = {isa = PBXFileReference; lastKnownFileType = sourcecode.swift; path = Colorado_Flower_GuideUITests.swift; sourceTree = "<group>"; };
		347E73DE2925795B00BCAF7D /* Colorado_Flower_GuideUITestsLaunchTests.swift */ = {isa = PBXFileReference; lastKnownFileType = sourcecode.swift; path = Colorado_Flower_GuideUITestsLaunchTests.swift; sourceTree = "<group>"; };
/* End PBXFileReference section */

/* Begin PBXFrameworksBuildPhase section */
		347E73BB2925795600BCAF7D /* Frameworks */ = {
			isa = PBXFrameworksBuildPhase;
			buildActionMask = 2147483647;
			files = (
			);
			runOnlyForDeploymentPostprocessing = 0;
		};
		347E73CB2925795B00BCAF7D /* Frameworks */ = {
			isa = PBXFrameworksBuildPhase;
			buildActionMask = 2147483647;
			files = (
			);
			runOnlyForDeploymentPostprocessing = 0;
		};
		347E73D52925795B00BCAF7D /* Frameworks */ = {
			isa = PBXFrameworksBuildPhase;
			buildActionMask = 2147483647;
			files = (
			);
			runOnlyForDeploymentPostprocessing = 0;
		};
/* End PBXFrameworksBuildPhase section */

/* Begin PBXGroup section */
		347E73B52925795600BCAF7D = {
			isa = PBXGroup;
			children = (
				347E73C02925795700BCAF7D /* Colorado Flower Guide */,
				347E73D12925795B00BCAF7D /* Colorado Flower GuideTests */,
				347E73DB2925795B00BCAF7D /* Colorado Flower GuideUITests */,
				347E73BF2925795700BCAF7D /* Products */,
			);
			sourceTree = "<group>";
		};
		347E73BF2925795700BCAF7D /* Products */ = {
			isa = PBXGroup;
			children = (
				347E73BE2925795700BCAF7D /* Colorado Flower Guide.app */,
				347E73CE2925795B00BCAF7D /* Colorado Flower GuideTests.xctest */,
				347E73D82925795B00BCAF7D /* Colorado Flower GuideUITests.xctest */,
			);
			name = Products;
			sourceTree = "<group>";
		};
		347E73C02925795700BCAF7D /* Colorado Flower Guide */ = {
			isa = PBXGroup;
			children = (
				347E73C12925795700BCAF7D /* Colorado_Flower_GuideApp.swift */,
				347E73C32925795700BCAF7D /* ContentView.swift */,
				347E73C52925795B00BCAF7D /* Assets.xcassets */,
				347E73C72925795B00BCAF7D /* Preview Content */,
			);
			path = "Colorado Flower Guide";
			sourceTree = "<group>";
		};
		347E73C72925795B00BCAF7D /* Preview Content */ = {
			isa = PBXGroup;
			children = (
				347E73C82925795B00BCAF7D /* Preview Assets.xcassets */,
			);
			path = "Preview Content";
			sourceTree = "<group>";
		};
		347E73D12925795B00BCAF7D /* Colorado Flower GuideTests */ = {
			isa = PBXGroup;
			children = (
				347E73D22925795B00BCAF7D /* Colorado_Flower_GuideTests.swift */,
			);
			path = "Colorado Flower GuideTests";
			sourceTree = "<group>";
		};
		347E73DB2925795B00BCAF7D /* Colorado Flower GuideUITests */ = {
			isa = PBXGroup;
			children = (
				347E73DC2925795B00BCAF7D /* Colorado_Flower_GuideUITests.swift */,
				347E73DE2925795B00BCAF7D /* Colorado_Flower_GuideUITestsLaunchTests.swift */,
			);
			path = "Colorado Flower GuideUITests";
			sourceTree = "<group>";
		};
/* End PBXGroup section */

/* Begin PBXNativeTarget section */
		347E73BD2925795600BCAF7D /* Colorado Flower Guide */ = {
			isa = PBXNativeTarget;
			buildConfigurationList = 347E73E22925795B00BCAF7D /* Build configuration list for PBXNativeTarget "Colorado Flower Guide" */;
			buildPhases = (
				347E73BA2925795600BCAF7D /* Sources */,
				347E73BB2925795600BCAF7D /* Frameworks */,
				347E73BC2925795600BCAF7D /* Resources */,
			);
			buildRules = (
			);
			dependencies = (
			);
			name = "Colorado Flower Guide";
			productName = "Colorado Flower Guide";
			productReference = 347E73BE2925795700BCAF7D /* Colorado Flower Guide.app */;
			productType = "com.apple.product-type.application";
		};
		347E73CD2925795B00BCAF7D /* Colorado Flower GuideTests */ = {
			isa = PBXNativeTarget;
			buildConfigurationList = 347E73E52925795B00BCAF7D /* Build configuration list for PBXNativeTarget "Colorado Flower GuideTests" */;
			buildPhases = (
				347E73CA2925795B00BCAF7D /* Sources */,
				347E73CB2925795B00BCAF7D /* Frameworks */,
				347E73CC2925795B00BCAF7D /* Resources */,
			);
			buildRules = (
			);
			dependencies = (
				347E73D02925795B00BCAF7D /* PBXTargetDependency */,
			);
			name = "Colorado Flower GuideTests";
			productName = "Colorado Flower GuideTests";
			productReference = 347E73CE2925795B00BCAF7D /* Colorado Flower GuideTests.xctest */;
			productType = "com.apple.product-type.bundle.unit-test";
		};
		347E73D72925795B00BCAF7D /* Colorado Flower GuideUITests */ = {
			isa = PBXNativeTarget;
			buildConfigurationList = 347E73E82925795B00BCAF7D /* Build configuration list for PBXNativeTarget "Colorado Flower GuideUITests" */;
			buildPhases = (
				347E73D42925795B00BCAF7D /* Sources */,
				347E73D52925795B00BCAF7D /* Frameworks */,
				347E73D62925795B00BCAF7D /* Resources */,
			);
			buildRules = (
			);
			dependencies = (
				347E73DA2925795B00BCAF7D /* PBXTargetDependency */,
			);
			name = "Colorado Flower GuideUITests";
			productName = "Colorado Flower GuideUITests";
			productReference = 347E73D82925795B00BCAF7D /* Colorado Flower GuideUITests.xctest */;
			productType = "com.apple.product-type.bundle.ui-testing";
		};
/* End PBXNativeTarget section */

/* Begin PBXProject section */
		347E73B62925795600BCAF7D /* Project object */ = {
			isa = PBXProject;
			attributes = {
				BuildIndependentTargetsInParallel = 1;
				LastSwiftUpdateCheck = 1340;
				LastUpgradeCheck = 1340;
				TargetAttributes = {
					347E73BD2925795600BCAF7D = {
						CreatedOnToolsVersion = 13.4.1;
					};
					347E73CD2925795B00BCAF7D = {
						CreatedOnToolsVersion = 13.4.1;
						TestTargetID = 347E73BD2925795600BCAF7D;
					};
					347E73D72925795B00BCAF7D = {
						CreatedOnToolsVersion = 13.4.1;
						TestTargetID = 347E73BD2925795600BCAF7D;
					};
				};
			};
			buildConfigurationList = 347E73B92925795600BCAF7D /* Build configuration list for PBXProject "Colorado Flower Guide" */;
			compatibilityVersion = "Xcode 13.0";
			developmentRegion = en;
			hasScannedForEncodings = 0;
			knownRegions = (
				en,
				Base,
			);
			mainGroup = 347E73B52925795600BCAF7D;
			productRefGroup = 347E73BF2925795700BCAF7D /* Products */;
			projectDirPath = "";
			projectRoot = "";
			targets = (
				347E73BD2925795600BCAF7D /* Colorado Flower Guide */,
				347E73CD2925795B00BCAF7D /* Colorado Flower GuideTests */,
				347E73D72925795B00BCAF7D /* Colorado Flower GuideUITests */,
			);
		};
/* End PBXProject section */

/* Begin PBXResourcesBuildPhase section */
		347E73BC2925795600BCAF7D /* Resources */ = {
			isa = PBXResourcesBuildPhase;
			buildActionMask = 2147483647;
			files = (
				347E73C92925795B00BCAF7D /* Preview Assets.xcassets in Resources */,
				347E73C62925795B00BCAF7D /* Assets.xcassets in Resources */,
			);
			runOnlyForDeploymentPostprocessing = 0;
		};
		347E73CC2925795B00BCAF7D /* Resources */ = {
			isa = PBXResourcesBuildPhase;
			buildActionMask = 2147483647;
			files = (
			);
			runOnlyForDeploymentPostprocessing = 0;
		};
		347E73D62925795B00BCAF7D /* Resources */ = {
			isa = PBXResourcesBuildPhase;
			buildActionMask = 2147483647;
			files = (
			);
			runOnlyForDeploymentPostprocessing = 0;
		};
/* End PBXResourcesBuildPhase section */

/* Begin PBXSourcesBuildPhase section */
		347E73BA2925795600BCAF7D /* Sources */ = {
			isa = PBXSourcesBuildPhase;
			buildActionMask = 2147483647;
			files = (
				347E73C42925795700BCAF7D /* ContentView.swift in Sources */,
				347E73C22925795700BCAF7D /* Colorado_Flower_GuideApp.swift in Sources */,
			);
			runOnlyForDeploymentPostprocessing = 0;
		};
		347E73CA2925795B00BCAF7D /* Sources */ = {
			isa = PBXSourcesBuildPhase;
			buildActionMask = 2147483647;
			files = (
				347E73D32925795B00BCAF7D /* Colorado_Flower_GuideTests.swift in Sources */,
			);
			runOnlyForDeploymentPostprocessing = 0;
		};
		347E73D42925795B00BCAF7D /* Sources */ = {
			isa = PBXSourcesBuildPhase;
			buildActionMask = 2147483647;
			files = (
				347E73DD2925795B00BCAF7D /* Colorado_Flower_GuideUITests.swift in Sources */,
				347E73DF2925795B00BCAF7D /* Colorado_Flower_GuideUITestsLaunchTests.swift in Sources */,
			);
			runOnlyForDeploymentPostprocessing = 0;
		};
/* End PBXSourcesBuildPhase section */

/* Begin PBXTargetDependency section */
		347E73D02925795B00BCAF7D /* PBXTargetDependency */ = {
			isa = PBXTargetDependency;
			target = 347E73BD2925795600BCAF7D /* Colorado Flower Guide */;
			targetProxy = 347E73CF2925795B00BCAF7D /* PBXContainerItemProxy */;
		};
		347E73DA2925795B00BCAF7D /* PBXTargetDependency */ = {
			isa = PBXTargetDependency;
			target = 347E73BD2925795600BCAF7D /* Colorado Flower Guide */;
			targetProxy = 347E73D92925795B00BCAF7D /* PBXContainerItemProxy */;
		};
/* End PBXTargetDependency section */

/* Begin XCBuildConfiguration section */
		347E73E02925795B00BCAF7D /* Debug */ = {
			isa = XCBuildConfiguration;
			buildSettings = {
				ALWAYS_SEARCH_USER_PATHS = NO;
				CLANG_ANALYZER_NONNULL = YES;
				CLANG_ANALYZER_NUMBER_OBJECT_CONVERSION = YES_AGGRESSIVE;
				CLANG_CXX_LANGUAGE_STANDARD = "gnu++17";
				CLANG_ENABLE_MODULES = YES;
				CLANG_ENABLE_OBJC_ARC = YES;
				CLANG_ENABLE_OBJC_WEAK = YES;
				CLANG_WARN_BLOCK_CAPTURE_AUTORELEASING = YES;
				CLANG_WARN_BOOL_CONVERSION = YES;
				CLANG_WARN_COMMA = YES;
				CLANG_WARN_CONSTANT_CONVERSION = YES;
				CLANG_WARN_DEPRECATED_OBJC_IMPLEMENTATIONS = YES;
				CLANG_WARN_DIRECT_OBJC_ISA_USAGE = YES_ERROR;
				CLANG_WARN_DOCUMENTATION_COMMENTS = YES;
				CLANG_WARN_EMPTY_BODY = YES;
				CLANG_WARN_ENUM_CONVERSION = YES;
				CLANG_WARN_INFINITE_RECURSION = YES;
				CLANG_WARN_INT_CONVERSION = YES;
				CLANG_WARN_NON_LITERAL_NULL_CONVERSION = YES;
				CLANG_WARN_OBJC_IMPLICIT_RETAIN_SELF = YES;
				CLANG_WARN_OBJC_LITERAL_CONVERSION = YES;
				CLANG_WARN_OBJC_ROOT_CLASS = YES_ERROR;
				CLANG_WARN_QUOTED_INCLUDE_IN_FRAMEWORK_HEADER = YES;
				CLANG_WARN_RANGE_LOOP_ANALYSIS = YES;
				CLANG_WARN_STRICT_PROTOTYPES = YES;
				CLANG_WARN_SUSPICIOUS_MOVE = YES;
				CLANG_WARN_UNGUARDED_AVAILABILITY = YES_AGGRESSIVE;
				CLANG_WARN_UNREACHABLE_CODE = YES;
				CLANG_WARN__DUPLICATE_METHOD_MATCH = YES;
				COPY_PHASE_STRIP = NO;
				DEBUG_INFORMATION_FORMAT = dwarf;
				ENABLE_STRICT_OBJC_MSGSEND = YES;
				ENABLE_TESTABILITY = YES;
				GCC_C_LANGUAGE_STANDARD = gnu11;
				GCC_DYNAMIC_NO_PIC = NO;
				GCC_NO_COMMON_BLOCKS = YES;
				GCC_OPTIMIZATION_LEVEL = 0;
				GCC_PREPROCESSOR_DEFINITIONS = (
					"DEBUG=1",
					"$(inherited)",
				);
				GCC_WARN_64_TO_32_BIT_CONVERSION = YES;
				GCC_WARN_ABOUT_RETURN_TYPE = YES_ERROR;
				GCC_WARN_UNDECLARED_SELECTOR = YES;
				GCC_WARN_UNINITIALIZED_AUTOS = YES_AGGRESSIVE;
				GCC_WARN_UNUSED_FUNCTION = YES;
				GCC_WARN_UNUSED_VARIABLE = YES;
				IPHONEOS_DEPLOYMENT_TARGET = 15.5;
				MTL_ENABLE_DEBUG_INFO = INCLUDE_SOURCE;
				MTL_FAST_MATH = YES;
				ONLY_ACTIVE_ARCH = YES;
				SDKROOT = iphoneos;
				SWIFT_ACTIVE_COMPILATION_CONDITIONS = DEBUG;
				SWIFT_OPTIMIZATION_LEVEL = "-Onone";
			};
			name = Debug;
		};
		347E73E12925795B00BCAF7D /* Release */ = {
			isa = XCBuildConfiguration;
			buildSettings = {
				ALWAYS_SEARCH_USER_PATHS = NO;
				CLANG_ANALYZER_NONNULL = YES;
				CLANG_ANALYZER_NUMBER_OBJECT_CONVERSION = YES_AGGRESSIVE;
				CLANG_CXX_LANGUAGE_STANDARD = "gnu++17";
				CLANG_ENABLE_MODULES = YES;
				CLANG_ENABLE_OBJC_ARC = YES;
				CLANG_ENABLE_OBJC_WEAK = YES;
				CLANG_WARN_BLOCK_CAPTURE_AUTORELEASING = YES;
				CLANG_WARN_BOOL_CONVERSION = YES;
				CLANG_WARN_COMMA = YES;
				CLANG_WARN_CONSTANT_CONVERSION = YES;
				CLANG_WARN_DEPRECATED_OBJC_IMPLEMENTATIONS = YES;
				CLANG_WARN_DIRECT_OBJC_ISA_USAGE = YES_ERROR;
				CLANG_WARN_DOCUMENTATION_COMMENTS = YES;
				CLANG_WARN_EMPTY_BODY = YES;
				CLANG_WARN_ENUM_CONVERSION = YES;
				CLANG_WARN_INFINITE_RECURSION = YES;
				CLANG_WARN_INT_CONVERSION = YES;
				CLANG_WARN_NON_LITERAL_NULL_CONVERSION = YES;
				CLANG_WARN_OBJC_IMPLICIT_RETAIN_SELF = YES;
				CLANG_WARN_OBJC_LITERAL_CONVERSION = YES;
				CLANG_WARN_OBJC_ROOT_CLASS = YES_ERROR;
				CLANG_WARN_QUOTED_INCLUDE_IN_FRAMEWORK_HEADER = YES;
				CLANG_WARN_RANGE_LOOP_ANALYSIS = YES;
				CLANG_WARN_STRICT_PROTOTYPES = YES;
				CLANG_WARN_SUSPICIOUS_MOVE = YES;
				CLANG_WARN_UNGUARDED_AVAILABILITY = YES_AGGRESSIVE;
				CLANG_WARN_UNREACHABLE_CODE = YES;
				CLANG_WARN__DUPLICATE_METHOD_MATCH = YES;
				COPY_PHASE_STRIP = NO;
				DEBUG_INFORMATION_FORMAT = "dwarf-with-dsym";
				ENABLE_NS_ASSERTIONS = NO;
				ENABLE_STRICT_OBJC_MSGSEND = YES;
				GCC_C_LANGUAGE_STANDARD = gnu11;
				GCC_NO_COMMON_BLOCKS = YES;
				GCC_WARN_64_TO_32_BIT_CONVERSION = YES;
				GCC_WARN_ABOUT_RETURN_TYPE = YES_ERROR;
				GCC_WARN_UNDECLARED_SELECTOR = YES;
				GCC_WARN_UNINITIALIZED_AUTOS = YES_AGGRESSIVE;
				GCC_WARN_UNUSED_FUNCTION = YES;
				GCC_WARN_UNUSED_VARIABLE = YES;
				IPHONEOS_DEPLOYMENT_TARGET = 15.5;
				MTL_ENABLE_DEBUG_INFO = NO;
				MTL_FAST_MATH = YES;
				SDKROOT = iphoneos;
				SWIFT_COMPILATION_MODE = wholemodule;
				SWIFT_OPTIMIZATION_LEVEL = "-O";
				VALIDATE_PRODUCT = YES;
			};
			name = Release;
		};
		347E73E32925795B00BCAF7D /* Debug */ = {
			isa = XCBuildConfiguration;
			buildSettings = {
				ASSETCATALOG_COMPILER_APPICON_NAME = AppIcon;
				ASSETCATALOG_COMPILER_GLOBAL_ACCENT_COLOR_NAME = AccentColor;
				CODE_SIGN_STYLE = Automatic;
				CURRENT_PROJECT_VERSION = 1;
				DEVELOPMENT_ASSET_PATHS = "\"Colorado Flower Guide/Preview Content\"";
				DEVELOPMENT_TEAM = 25643XMV4B;
				ENABLE_PREVIEWS = YES;
				GENERATE_INFOPLIST_FILE = YES;
				INFOPLIST_KEY_UIApplicationSceneManifest_Generation = YES;
				INFOPLIST_KEY_UIApplicationSupportsIndirectInputEvents = YES;
				INFOPLIST_KEY_UILaunchScreen_Generation = YES;
				INFOPLIST_KEY_UISupportedInterfaceOrientations_iPad = "UIInterfaceOrientationPortrait UIInterfaceOrientationPortraitUpsideDown UIInterfaceOrientationLandscapeLeft UIInterfaceOrientationLandscapeRight";
				INFOPLIST_KEY_UISupportedInterfaceOrientations_iPhone = "UIInterfaceOrientationPortrait UIInterfaceOrientationLandscapeLeft UIInterfaceOrientationLandscapeRight";
				LD_RUNPATH_SEARCH_PATHS = (
					"$(inherited)",
					"@executable_path/Frameworks",
				);
				MARKETING_VERSION = 1.0;
				PRODUCT_BUNDLE_IDENTIFIER = "mobile.app.dev.nayo4039.Colorado-Flower-Guide";
				PRODUCT_NAME = "$(TARGET_NAME)";
				SWIFT_EMIT_LOC_STRINGS = YES;
				SWIFT_VERSION = 5.0;
				TARGETED_DEVICE_FAMILY = "1,2";
			};
			name = Debug;
		};
		347E73E42925795B00BCAF7D /* Release */ = {
			isa = XCBuildConfiguration;
			buildSettings = {
				ASSETCATALOG_COMPILER_APPICON_NAME = AppIcon;
				ASSETCATALOG_COMPILER_GLOBAL_ACCENT_COLOR_NAME = AccentColor;
				CODE_SIGN_STYLE = Automatic;
				CURRENT_PROJECT_VERSION = 1;
				DEVELOPMENT_ASSET_PATHS = "\"Colorado Flower Guide/Preview Content\"";
				DEVELOPMENT_TEAM = 25643XMV4B;
				ENABLE_PREVIEWS = YES;
				GENERATE_INFOPLIST_FILE = YES;
				INFOPLIST_KEY_UIApplicationSceneManifest_Generation = YES;
				INFOPLIST_KEY_UIApplicationSupportsIndirectInputEvents = YES;
				INFOPLIST_KEY_UILaunchScreen_Generation = YES;
				INFOPLIST_KEY_UISupportedInterfaceOrientations_iPad = "UIInterfaceOrientationPortrait UIInterfaceOrientationPortraitUpsideDown UIInterfaceOrientationLandscapeLeft UIInterfaceOrientationLandscapeRight";
				INFOPLIST_KEY_UISupportedInterfaceOrientations_iPhone = "UIInterfaceOrientationPortrait UIInterfaceOrientationLandscapeLeft UIInterfaceOrientationLandscapeRight";
				LD_RUNPATH_SEARCH_PATHS = (
					"$(inherited)",
					"@executable_path/Frameworks",
				);
				MARKETING_VERSION = 1.0;
				PRODUCT_BUNDLE_IDENTIFIER = "mobile.app.dev.nayo4039.Colorado-Flower-Guide";
				PRODUCT_NAME = "$(TARGET_NAME)";
				SWIFT_EMIT_LOC_STRINGS = YES;
				SWIFT_VERSION = 5.0;
				TARGETED_DEVICE_FAMILY = "1,2";
			};
			name = Release;
		};
		347E73E62925795B00BCAF7D /* Debug */ = {
			isa = XCBuildConfiguration;
			buildSettings = {
				ALWAYS_EMBED_SWIFT_STANDARD_LIBRARIES = YES;
				BUNDLE_LOADER = "$(TEST_HOST)";
				CODE_SIGN_STYLE = Automatic;
				CURRENT_PROJECT_VERSION = 1;
				DEVELOPMENT_TEAM = 25643XMV4B;
				GENERATE_INFOPLIST_FILE = YES;
				IPHONEOS_DEPLOYMENT_TARGET = 15.5;
				MARKETING_VERSION = 1.0;
				PRODUCT_BUNDLE_IDENTIFIER = "mobile.app.dev.nayo4039.Colorado-Flower-GuideTests";
				PRODUCT_NAME = "$(TARGET_NAME)";
				SWIFT_EMIT_LOC_STRINGS = NO;
				SWIFT_VERSION = 5.0;
				TARGETED_DEVICE_FAMILY = "1,2";
				TEST_HOST = "$(BUILT_PRODUCTS_DIR)/Colorado Flower Guide.app/Colorado Flower Guide";
			};
			name = Debug;
		};
		347E73E72925795B00BCAF7D /* Release */ = {
			isa = XCBuildConfiguration;
			buildSettings = {
				ALWAYS_EMBED_SWIFT_STANDARD_LIBRARIES = YES;
				BUNDLE_LOADER = "$(TEST_HOST)";
				CODE_SIGN_STYLE = Automatic;
				CURRENT_PROJECT_VERSION = 1;
				DEVELOPMENT_TEAM = 25643XMV4B;
				GENERATE_INFOPLIST_FILE = YES;
				IPHONEOS_DEPLOYMENT_TARGET = 15.5;
				MARKETING_VERSION = 1.0;
				PRODUCT_BUNDLE_IDENTIFIER = "mobile.app.dev.nayo4039.Colorado-Flower-GuideTests";
				PRODUCT_NAME = "$(TARGET_NAME)";
				SWIFT_EMIT_LOC_STRINGS = NO;
				SWIFT_VERSION = 5.0;
				TARGETED_DEVICE_FAMILY = "1,2";
				TEST_HOST = "$(BUILT_PRODUCTS_DIR)/Colorado Flower Guide.app/Colorado Flower Guide";
			};
			name = Release;
		};
		347E73E92925795B00BCAF7D /* Debug */ = {
			isa = XCBuildConfiguration;
			buildSettings = {
				ALWAYS_EMBED_SWIFT_STANDARD_LIBRARIES = YES;
				CODE_SIGN_STYLE = Automatic;
				CURRENT_PROJECT_VERSION = 1;
				DEVELOPMENT_TEAM = 25643XMV4B;
				GENERATE_INFOPLIST_FILE = YES;
				MARKETING_VERSION = 1.0;
				PRODUCT_BUNDLE_IDENTIFIER = "mobile.app.dev.nayo4039.Colorado-Flower-GuideUITests";
				PRODUCT_NAME = "$(TARGET_NAME)";
				SWIFT_EMIT_LOC_STRINGS = NO;
				SWIFT_VERSION = 5.0;
				TARGETED_DEVICE_FAMILY = "1,2";
				TEST_TARGET_NAME = "Colorado Flower Guide";
			};
			name = Debug;
		};
		347E73EA2925795B00BCAF7D /* Release */ = {
			isa = XCBuildConfiguration;
			buildSettings = {
				ALWAYS_EMBED_SWIFT_STANDARD_LIBRARIES = YES;
				CODE_SIGN_STYLE = Automatic;
				CURRENT_PROJECT_VERSION = 1;
				DEVELOPMENT_TEAM = 25643XMV4B;
				GENERATE_INFOPLIST_FILE = YES;
				MARKETING_VERSION = 1.0;
				PRODUCT_BUNDLE_IDENTIFIER = "mobile.app.dev.nayo4039.Colorado-Flower-GuideUITests";
				PRODUCT_NAME = "$(TARGET_NAME)";
				SWIFT_EMIT_LOC_STRINGS = NO;
				SWIFT_VERSION = 5.0;
				TARGETED_DEVICE_FAMILY = "1,2";
				TEST_TARGET_NAME = "Colorado Flower Guide";
			};
			name = Release;
		};
/* End XCBuildConfiguration section */

/* Begin XCConfigurationList section */
		347E73B92925795600BCAF7D /* Build configuration list for PBXProject "Colorado Flower Guide" */ = {
			isa = XCConfigurationList;
			buildConfigurations = (
				347E73E02925795B00BCAF7D /* Debug */,
				347E73E12925795B00BCAF7D /* Release */,
			);
			defaultConfigurationIsVisible = 0;
			defaultConfigurationName = Release;
		};
		347E73E22925795B00BCAF7D /* Build configuration list for PBXNativeTarget "Colorado Flower Guide" */ = {
			isa = XCConfigurationList;
			buildConfigurations = (
				347E73E32925795B00BCAF7D /* Debug */,
				347E73E42925795B00BCAF7D /* Release */,
			);
			defaultConfigurationIsVisible = 0;
			defaultConfigurationName = Release;
		};
		347E73E52925795B00BCAF7D /* Build configuration list for PBXNativeTarget "Colorado Flower GuideTests" */ = {
			isa = XCConfigurationList;
			buildConfigurations = (
				347E73E62925795B00BCAF7D /* Debug */,
				347E73E72925795B00BCAF7D /* Release */,
			);
			defaultConfigurationIsVisible = 0;
			defaultConfigurationName = Release;
		};
		347E73E82925795B00BCAF7D /* Build configuration list for PBXNativeTarget "Colorado Flower GuideUITests" */ = {
			isa = XCConfigurationList;
			buildConfigurations = (
				347E73E92925795B00BCAF7D /* Debug */,
				347E73EA2925795B00BCAF7D /* Release */,
			);
			defaultConfigurationIsVisible = 0;
			defaultConfigurationName = Release;
		};
/* End XCConfigurationList section */
	};
	rootObject = 347E73B62925795600BCAF7D /* Project object */;
}
